
Microsoft Visual Studio Solution File, Format Version 12.00
# Visual Studio Version 17
VisualStudioVersion = 17.8.34330.188
MinimumVisualStudioVersion = 10.0.40219.1
Project("{FAE04EC0-301F-11D3-BF4B-00C04F79EFBC}") = "EF2First", "EF2First\EF2First.csproj", "{4F39FCDC-7E19-4D94-A712-B018756F78D8}"
EndProject
Global
	GlobalSection(SolutionConfigurationPlatforms) = preSolution
		Debug|Any CPU = Debug|Any CPU
		Release|Any CPU = Release|Any CPU
	EndGlobalSection
	GlobalSection(ProjectConfigurationPlatforms) = postSolution
		{4F39FCDC-7E19-4D94-A712-B018756F78D8}.Debug|Any CPU.ActiveCfg = Debug|Any CPU
		{4F39FCDC-7E19-4D94-A712-B018756F78D8}.Debug|Any CPU.Build.0 = Debug|Any CPU
		{4F39FCDC-7E19-4D94-A712-B018756F78D8}.Release|Any CPU.ActiveCfg = Release|Any CPU
		{4F39FCDC-7E19-4D94-A712-B018756F78D8}.Release|Any CPU.Build.0 = Release|Any CPU
	EndGlobalSection
	GlobalSection(SolutionProperties) = preSolution
		HideSolutionNode = FALSE
	EndGlobalSection
	GlobalSection(ExtensibilityGlobals) = postSolution
		SolutionGuid = {AA127CA4-C160-4CB7-B9D7-CD944C6D4F2E}
	EndGlobalSection
EndGlobal
